// !$*UTF8*$!
{
	archiveVersion = 1;
	classes = {
	};
	objectVersion = 46;
	objects = {

/* Begin PBXBuildFile section */
		01AD32411BE97F6200396DDD /* libcurl.tbd in Frameworks */ = {isa = PBXBuildFile; fileRef = 01AD32401BE97F6200396DDD /* libcurl.tbd */; };
		3097204A1BF657DA00FB98A7 /* Database.cpp in Sources */ = {isa = PBXBuildFile; fileRef = 309720441BF657DA00FB98A7 /* Database.cpp */; };
		3097204B1BF657DA00FB98A7 /* GeometryHandler.cpp in Sources */ = {isa = PBXBuildFile; fileRef = 309720451BF657DA00FB98A7 /* GeometryHandler.cpp */; };
		3097204C1BF657DA00FB98A7 /* Logger.cpp in Sources */ = {isa = PBXBuildFile; fileRef = 309720461BF657DA00FB98A7 /* Logger.cpp */; };
		3097204D1BF657DA00FB98A7 /* RestClient.cpp in Sources */ = {isa = PBXBuildFile; fileRef = 309720471BF657DA00FB98A7 /* RestClient.cpp */; };
		3097204E1BF657DA00FB98A7 /* SystemConfig.cpp in Sources */ = {isa = PBXBuildFile; fileRef = 309720481BF657DA00FB98A7 /* SystemConfig.cpp */; };
		3097204F1BF657DA00FB98A7 /* Thread.cpp in Sources */ = {isa = PBXBuildFile; fileRef = 309720491BF657DA00FB98A7 /* Thread.cpp */; };
		309720511BF657EA00FB98A7 /* WKBParser.cpp in Sources */ = {isa = PBXBuildFile; fileRef = 309720501BF657EA00FB98A7 /* WKBParser.cpp */; };
		309720531BF678C400FB98A7 /* main.cpp in Sources */ = {isa = PBXBuildFile; fileRef = 309720521BF678C400FB98A7 /* main.cpp */; };
		309720551BF682B300FB98A7 /* basic_test.cpp in Sources */ = {isa = PBXBuildFile; fileRef = 309720541BF682B300FB98A7 /* basic_test.cpp */; };
		309720571BF910D200FB98A7 /* Way_test.cpp in Sources */ = {isa = PBXBuildFile; fileRef = 309720561BF910D200FB98A7 /* Way_test.cpp */; };
		309720591BF920E000FB98A7 /* EditingAPI_test.cpp in Sources */ = {isa = PBXBuildFile; fileRef = 309720581BF920E000FB98A7 /* EditingAPI_test.cpp */; };
		30B766E41BF551D90088836B /* libfreexl.1.dylib in Frameworks */ = {isa = PBXBuildFile; fileRef = 30B766DB1BF551D90088836B /* libfreexl.1.dylib */; };
		30B766E51BF551D90088836B /* libgeos_c.1.dylib in Frameworks */ = {isa = PBXBuildFile; fileRef = 30B766DC1BF551D90088836B /* libgeos_c.1.dylib */; };
		30B766E61BF551D90088836B /* libgeos-3.4.2.dylib in Frameworks */ = {isa = PBXBuildFile; fileRef = 30B766DD1BF551D90088836B /* libgeos-3.4.2.dylib */; };
		30B766E71BF551D90088836B /* libproj.9.dylib in Frameworks */ = {isa = PBXBuildFile; fileRef = 30B766DE1BF551D90088836B /* libproj.9.dylib */; };
		30B766E81BF551D90088836B /* libspatialite.7.dylib in Frameworks */ = {isa = PBXBuildFile; fileRef = 30B766DF1BF551D90088836B /* libspatialite.7.dylib */; };
		30B766E91BF551D90088836B /* libsqlite3.0.dylib in Frameworks */ = {isa = PBXBuildFile; fileRef = 30B766E01BF551D90088836B /* libsqlite3.0.dylib */; };
		30B766EA1BF551D90088836B /* libxml2.2.dylib in Frameworks */ = {isa = PBXBuildFile; fileRef = 30B766E11BF551D90088836B /* libxml2.2.dylib */; };
		30B7672C1BF55D190088836B /* DatabaseBuilder.cpp in Sources */ = {isa = PBXBuildFile; fileRef = 30B767211BF55D190088836B /* DatabaseBuilder.cpp */; };
		30B7672D1BF55D190088836B /* EditingAPI.cpp in Sources */ = {isa = PBXBuildFile; fileRef = 30B767221BF55D190088836B /* EditingAPI.cpp */; };
		30B7672E1BF55D190088836B /* Element.cpp in Sources */ = {isa = PBXBuildFile; fileRef = 30B767231BF55D190088836B /* Element.cpp */; };
		30B767301BF55D190088836B /* Node.cpp in Sources */ = {isa = PBXBuildFile; fileRef = 30B767251BF55D190088836B /* Node.cpp */; };
		30B767311BF55D190088836B /* OverpassAPI.cpp in Sources */ = {isa = PBXBuildFile; fileRef = 30B767261BF55D190088836B /* OverpassAPI.cpp */; };
		30B767321BF55D190088836B /* Relation.cpp in Sources */ = {isa = PBXBuildFile; fileRef = 30B767271BF55D190088836B /* Relation.cpp */; };
		30B767331BF55D190088836B /* RestAPI.cpp in Sources */ = {isa = PBXBuildFile; fileRef = 30B767281BF55D190088836B /* RestAPI.cpp */; };
		30B767341BF55D190088836B /* Util.cpp in Sources */ = {isa = PBXBuildFile; fileRef = 30B767291BF55D190088836B /* Util.cpp */; };
		30B767351BF55D190088836B /* Way.cpp in Sources */ = {isa = PBXBuildFile; fileRef = 30B7672A1BF55D190088836B /* Way.cpp */; };
		30B767361BF55D190088836B /* XmlParser.cpp in Sources */ = {isa = PBXBuildFile; fileRef = 30B7672B1BF55D190088836B /* XmlParser.cpp */; };
/* End PBXBuildFile section */

/* Begin PBXCopyFilesBuildPhase section */
		01BF3D981BBDF40D000520AE /* CopyFiles */ = {
			isa = PBXCopyFilesBuildPhase;
			buildActionMask = 2147483647;
			dstPath = /usr/share/man/man1/;
			dstSubfolderSpec = 0;
			files = (
			);
			runOnlyForDeploymentPostprocessing = 1;
		};
/* End PBXCopyFilesBuildPhase section */

/* Begin PBXFileReference section */
		01AD32401BE97F6200396DDD /* libcurl.tbd */ = {isa = PBXFileReference; lastKnownFileType = "sourcecode.text-based-dylib-definition"; name = libcurl.tbd; path = usr/lib/libcurl.tbd; sourceTree = SDKROOT; };
		309720441BF657DA00FB98A7 /* Database.cpp */ = {isa = PBXFileReference; fileEncoding = 4; lastKnownFileType = sourcecode.cpp.cpp; name = Database.cpp; path = src/AmigoCloud/core/Database.cpp; sourceTree = "<group>"; };
		309720451BF657DA00FB98A7 /* GeometryHandler.cpp */ = {isa = PBXFileReference; fileEncoding = 4; lastKnownFileType = sourcecode.cpp.cpp; name = GeometryHandler.cpp; path = src/AmigoCloud/core/GeometryHandler.cpp; sourceTree = "<group>"; };
		309720461BF657DA00FB98A7 /* Logger.cpp */ = {isa = PBXFileReference; fileEncoding = 4; lastKnownFileType = sourcecode.cpp.cpp; name = Logger.cpp; path = src/AmigoCloud/core/Logger.cpp; sourceTree = "<group>"; };
		309720471BF657DA00FB98A7 /* RestClient.cpp */ = {isa = PBXFileReference; fileEncoding = 4; lastKnownFileType = sourcecode.cpp.cpp; name = RestClient.cpp; path = src/AmigoCloud/core/RestClient.cpp; sourceTree = "<group>"; };
		309720481BF657DA00FB98A7 /* SystemConfig.cpp */ = {isa = PBXFileReference; fileEncoding = 4; lastKnownFileType = sourcecode.cpp.cpp; name = SystemConfig.cpp; path = src/AmigoCloud/core/SystemConfig.cpp; sourceTree = "<group>"; };
		309720491BF657DA00FB98A7 /* Thread.cpp */ = {isa = PBXFileReference; fileEncoding = 4; lastKnownFileType = sourcecode.cpp.cpp; name = Thread.cpp; path = src/AmigoCloud/core/Thread.cpp; sourceTree = "<group>"; };
		309720501BF657EA00FB98A7 /* WKBParser.cpp */ = {isa = PBXFileReference; fileEncoding = 4; lastKnownFileType = sourcecode.cpp.cpp; name = WKBParser.cpp; path = src/AmigoCloud/common/WKBParser.cpp; sourceTree = "<group>"; };
		309720521BF678C400FB98A7 /* main.cpp */ = {isa = PBXFileReference; fileEncoding = 4; lastKnownFileType = sourcecode.cpp.cpp; name = main.cpp; path = test/main.cpp; sourceTree = "<group>"; };
		309720541BF682B300FB98A7 /* basic_test.cpp */ = {isa = PBXFileReference; fileEncoding = 4; lastKnownFileType = sourcecode.cpp.cpp; name = basic_test.cpp; path = test/basic_test.cpp; sourceTree = "<group>"; };
		309720561BF910D200FB98A7 /* Way_test.cpp */ = {isa = PBXFileReference; fileEncoding = 4; lastKnownFileType = sourcecode.cpp.cpp; name = Way_test.cpp; path = test/Way_test.cpp; sourceTree = "<group>"; };
		309720581BF920E000FB98A7 /* EditingAPI_test.cpp */ = {isa = PBXFileReference; fileEncoding = 4; lastKnownFileType = sourcecode.cpp.cpp; name = EditingAPI_test.cpp; path = test/EditingAPI_test.cpp; sourceTree = "<group>"; };
		30B766DB1BF551D90088836B /* libfreexl.1.dylib */ = {isa = PBXFileReference; lastKnownFileType = "compiled.mach-o.dylib"; name = libfreexl.1.dylib; path = lib/osx/libfreexl.1.dylib; sourceTree = "<group>"; };
		30B766DC1BF551D90088836B /* libgeos_c.1.dylib */ = {isa = PBXFileReference; lastKnownFileType = "compiled.mach-o.dylib"; name = libgeos_c.1.dylib; path = lib/osx/libgeos_c.1.dylib; sourceTree = "<group>"; };
		30B766DD1BF551D90088836B /* libgeos-3.4.2.dylib */ = {isa = PBXFileReference; lastKnownFileType = "compiled.mach-o.dylib"; name = "libgeos-3.4.2.dylib"; path = "lib/osx/libgeos-3.4.2.dylib"; sourceTree = "<group>"; };
		30B766DE1BF551D90088836B /* libproj.9.dylib */ = {isa = PBXFileReference; lastKnownFileType = "compiled.mach-o.dylib"; name = libproj.9.dylib; path = lib/osx/libproj.9.dylib; sourceTree = "<group>"; };
		30B766DF1BF551D90088836B /* libspatialite.7.dylib */ = {isa = PBXFileReference; lastKnownFileType = "compiled.mach-o.dylib"; name = libspatialite.7.dylib; path = lib/osx/libspatialite.7.dylib; sourceTree = "<group>"; };
		30B766E01BF551D90088836B /* libsqlite3.0.dylib */ = {isa = PBXFileReference; lastKnownFileType = "compiled.mach-o.dylib"; name = libsqlite3.0.dylib; path = lib/osx/libsqlite3.0.dylib; sourceTree = "<group>"; };
		30B766E11BF551D90088836B /* libxml2.2.dylib */ = {isa = PBXFileReference; lastKnownFileType = "compiled.mach-o.dylib"; name = libxml2.2.dylib; path = lib/osx/libxml2.2.dylib; sourceTree = "<group>"; };
		30B766FF1BF557700088836B /* Chaskii.h */ = {isa = PBXFileReference; fileEncoding = 4; lastKnownFileType = sourcecode.c.h; name = Chaskii.h; path = include/Chaskii/Chaskii.h; sourceTree = "<group>"; };
		30B767001BF557700088836B /* Export.h */ = {isa = PBXFileReference; fileEncoding = 4; lastKnownFileType = sourcecode.c.h; name = Export.h; path = include/Chaskii/Export.h; sourceTree = "<group>"; };
		30B767011BF557840088836B /* bound.h */ = {isa = PBXFileReference; fileEncoding = 4; lastKnownFileType = sourcecode.c.h; name = bound.h; path = include/Chaskii/Math/bound.h; sourceTree = "<group>"; };
		30B767021BF557840088836B /* boundD.h */ = {isa = PBXFileReference; fileEncoding = 4; lastKnownFileType = sourcecode.c.h; name = boundD.h; path = include/Chaskii/Math/boundD.h; sourceTree = "<group>"; };
		30B767031BF557840088836B /* iiMath.h */ = {isa = PBXFileReference; fileEncoding = 4; lastKnownFileType = sourcecode.c.h; name = iiMath.h; path = include/Chaskii/Math/iiMath.h; sourceTree = "<group>"; };
		30B767041BF557840088836B /* matrix.h */ = {isa = PBXFileReference; fileEncoding = 4; lastKnownFileType = sourcecode.c.h; name = matrix.h; path = include/Chaskii/Math/matrix.h; sourceTree = "<group>"; };
		30B767051BF557840088836B /* matrix3.h */ = {isa = PBXFileReference; fileEncoding = 4; lastKnownFileType = sourcecode.c.h; name = matrix3.h; path = include/Chaskii/Math/matrix3.h; sourceTree = "<group>"; };
		30B767061BF557840088836B /* matrix4.h */ = {isa = PBXFileReference; fileEncoding = 4; lastKnownFileType = sourcecode.c.h; name = matrix4.h; path = include/Chaskii/Math/matrix4.h; sourceTree = "<group>"; };
		30B767071BF557840088836B /* matrix4d.h */ = {isa = PBXFileReference; fileEncoding = 4; lastKnownFileType = sourcecode.c.h; name = matrix4d.h; path = include/Chaskii/Math/matrix4d.h; sourceTree = "<group>"; };
		30B767081BF557840088836B /* matrixDecompose.h */ = {isa = PBXFileReference; fileEncoding = 4; lastKnownFileType = sourcecode.c.h; name = matrixDecompose.h; path = include/Chaskii/Math/matrixDecompose.h; sourceTree = "<group>"; };
		30B767091BF557840088836B /* matrixDecomposeD.h */ = {isa = PBXFileReference; fileEncoding = 4; lastKnownFileType = sourcecode.c.h; name = matrixDecomposeD.h; path = include/Chaskii/Math/matrixDecomposeD.h; sourceTree = "<group>"; };
		30B7670A1BF557840088836B /* plane.h */ = {isa = PBXFileReference; fileEncoding = 4; lastKnownFileType = sourcecode.c.h; name = plane.h; path = include/Chaskii/Math/plane.h; sourceTree = "<group>"; };
		30B7670B1BF557840088836B /* planed.h */ = {isa = PBXFileReference; fileEncoding = 4; lastKnownFileType = sourcecode.c.h; name = planed.h; path = include/Chaskii/Math/planed.h; sourceTree = "<group>"; };
		30B7670C1BF557840088836B /* pos.h */ = {isa = PBXFileReference; fileEncoding = 4; lastKnownFileType = sourcecode.c.h; name = pos.h; path = include/Chaskii/Math/pos.h; sourceTree = "<group>"; };
		30B7670D1BF557840088836B /* quat.h */ = {isa = PBXFileReference; fileEncoding = 4; lastKnownFileType = sourcecode.c.h; name = quat.h; path = include/Chaskii/Math/quat.h; sourceTree = "<group>"; };
		30B7670E1BF557840088836B /* quatd.h */ = {isa = PBXFileReference; fileEncoding = 4; lastKnownFileType = sourcecode.c.h; name = quatd.h; path = include/Chaskii/Math/quatd.h; sourceTree = "<group>"; };
		30B7670F1BF557840088836B /* rect.h */ = {isa = PBXFileReference; fileEncoding = 4; lastKnownFileType = sourcecode.c.h; name = rect.h; path = include/Chaskii/Math/rect.h; sourceTree = "<group>"; };
		30B767101BF557840088836B /* vec2.h */ = {isa = PBXFileReference; fileEncoding = 4; lastKnownFileType = sourcecode.c.h; name = vec2.h; path = include/Chaskii/Math/vec2.h; sourceTree = "<group>"; };
		30B767111BF557840088836B /* vec3.h */ = {isa = PBXFileReference; fileEncoding = 4; lastKnownFileType = sourcecode.c.h; name = vec3.h; path = include/Chaskii/Math/vec3.h; sourceTree = "<group>"; };
		30B767121BF557840088836B /* vec3d.h */ = {isa = PBXFileReference; fileEncoding = 4; lastKnownFileType = sourcecode.c.h; name = vec3d.h; path = include/Chaskii/Math/vec3d.h; sourceTree = "<group>"; };
		30B767131BF557840088836B /* vec4.h */ = {isa = PBXFileReference; fileEncoding = 4; lastKnownFileType = sourcecode.c.h; name = vec4.h; path = include/Chaskii/Math/vec4.h; sourceTree = "<group>"; };
		30B767141BF557840088836B /* vec4d.h */ = {isa = PBXFileReference; fileEncoding = 4; lastKnownFileType = sourcecode.c.h; name = vec4d.h; path = include/Chaskii/Math/vec4d.h; sourceTree = "<group>"; };
		30B767151BF558300088836B /* DatabaseBuilder.hpp */ = {isa = PBXFileReference; fileEncoding = 4; lastKnownFileType = sourcecode.cpp.h; name = DatabaseBuilder.hpp; path = include/OSMSpatialite/DatabaseBuilder.hpp; sourceTree = "<group>"; };
		30B767161BF558300088836B /* EditingAPI.hpp */ = {isa = PBXFileReference; fileEncoding = 4; lastKnownFileType = sourcecode.cpp.h; name = EditingAPI.hpp; path = include/OSMSpatialite/EditingAPI.hpp; sourceTree = "<group>"; };
		30B767171BF558300088836B /* Element.hpp */ = {isa = PBXFileReference; fileEncoding = 4; lastKnownFileType = sourcecode.cpp.h; name = Element.hpp; path = include/OSMSpatialite/Element.hpp; sourceTree = "<group>"; };
		30B767181BF558300088836B /* Node.hpp */ = {isa = PBXFileReference; fileEncoding = 4; lastKnownFileType = sourcecode.cpp.h; name = Node.hpp; path = include/OSMSpatialite/Node.hpp; sourceTree = "<group>"; };
		30B767191BF558300088836B /* OverpassAPI.hpp */ = {isa = PBXFileReference; fileEncoding = 4; lastKnownFileType = sourcecode.cpp.h; name = OverpassAPI.hpp; path = include/OSMSpatialite/OverpassAPI.hpp; sourceTree = "<group>"; };
		30B7671A1BF558300088836B /* Relation.hpp */ = {isa = PBXFileReference; fileEncoding = 4; lastKnownFileType = sourcecode.cpp.h; name = Relation.hpp; path = include/OSMSpatialite/Relation.hpp; sourceTree = "<group>"; };
		30B7671B1BF558300088836B /* RestAPI.hpp */ = {isa = PBXFileReference; fileEncoding = 4; lastKnownFileType = sourcecode.cpp.h; name = RestAPI.hpp; path = include/OSMSpatialite/RestAPI.hpp; sourceTree = "<group>"; };
		30B7671C1BF558300088836B /* Util.hpp */ = {isa = PBXFileReference; fileEncoding = 4; lastKnownFileType = sourcecode.cpp.h; name = Util.hpp; path = include/OSMSpatialite/Util.hpp; sourceTree = "<group>"; };
		30B7671D1BF558300088836B /* Way.hpp */ = {isa = PBXFileReference; fileEncoding = 4; lastKnownFileType = sourcecode.cpp.h; name = Way.hpp; path = include/OSMSpatialite/Way.hpp; sourceTree = "<group>"; };
		30B7671E1BF558300088836B /* XmlParser.hpp */ = {isa = PBXFileReference; fileEncoding = 4; lastKnownFileType = sourcecode.cpp.h; name = XmlParser.hpp; path = include/OSMSpatialite/XmlParser.hpp; sourceTree = "<group>"; };
		30B767211BF55D190088836B /* DatabaseBuilder.cpp */ = {isa = PBXFileReference; fileEncoding = 4; lastKnownFileType = sourcecode.cpp.cpp; name = DatabaseBuilder.cpp; path = src/OSMSpatialite/DatabaseBuilder.cpp; sourceTree = "<group>"; };
		30B767221BF55D190088836B /* EditingAPI.cpp */ = {isa = PBXFileReference; fileEncoding = 4; lastKnownFileType = sourcecode.cpp.cpp; name = EditingAPI.cpp; path = src/OSMSpatialite/EditingAPI.cpp; sourceTree = "<group>"; };
		30B767231BF55D190088836B /* Element.cpp */ = {isa = PBXFileReference; fileEncoding = 4; lastKnownFileType = sourcecode.cpp.cpp; name = Element.cpp; path = src/OSMSpatialite/Element.cpp; sourceTree = "<group>"; };
		30B767251BF55D190088836B /* Node.cpp */ = {isa = PBXFileReference; fileEncoding = 4; lastKnownFileType = sourcecode.cpp.cpp; name = Node.cpp; path = src/OSMSpatialite/Node.cpp; sourceTree = "<group>"; };
		30B767261BF55D190088836B /* OverpassAPI.cpp */ = {isa = PBXFileReference; fileEncoding = 4; lastKnownFileType = sourcecode.cpp.cpp; name = OverpassAPI.cpp; path = src/OSMSpatialite/OverpassAPI.cpp; sourceTree = "<group>"; };
		30B767271BF55D190088836B /* Relation.cpp */ = {isa = PBXFileReference; fileEncoding = 4; lastKnownFileType = sourcecode.cpp.cpp; name = Relation.cpp; path = src/OSMSpatialite/Relation.cpp; sourceTree = "<group>"; };
		30B767281BF55D190088836B /* RestAPI.cpp */ = {isa = PBXFileReference; fileEncoding = 4; lastKnownFileType = sourcecode.cpp.cpp; name = RestAPI.cpp; path = src/OSMSpatialite/RestAPI.cpp; sourceTree = "<group>"; };
		30B767291BF55D190088836B /* Util.cpp */ = {isa = PBXFileReference; fileEncoding = 4; lastKnownFileType = sourcecode.cpp.cpp; name = Util.cpp; path = src/OSMSpatialite/Util.cpp; sourceTree = "<group>"; };
		30B7672A1BF55D190088836B /* Way.cpp */ = {isa = PBXFileReference; fileEncoding = 4; lastKnownFileType = sourcecode.cpp.cpp; name = Way.cpp; path = src/OSMSpatialite/Way.cpp; sourceTree = "<group>"; };
		30B7672B1BF55D190088836B /* XmlParser.cpp */ = {isa = PBXFileReference; fileEncoding = 4; lastKnownFileType = sourcecode.cpp.cpp; name = XmlParser.cpp; path = src/OSMSpatialite/XmlParser.cpp; sourceTree = "<group>"; };
		30B767471BF560450088836B /* catch.hpp */ = {isa = PBXFileReference; fileEncoding = 4; lastKnownFileType = sourcecode.cpp.h; name = catch.hpp; path = test/catch.hpp; sourceTree = "<group>"; };
		30B767481BF563550088836B /* OSMSpatialite */ = {isa = PBXFileReference; explicitFileType = "compiled.mach-o.executable"; includeInIndex = 0; path = OSMSpatialite; sourceTree = BUILT_PRODUCTS_DIR; };
		30CF71E81BF570FD00C7DB1D /* WKBParser.h */ = {isa = PBXFileReference; fileEncoding = 4; lastKnownFileType = sourcecode.c.h; name = WKBParser.h; path = include/AmigoCloud/common/WKBParser.h; sourceTree = "<group>"; };
		30CF71E91BF5710F00C7DB1D /* AmigoError.h */ = {isa = PBXFileReference; fileEncoding = 4; lastKnownFileType = sourcecode.c.h; name = AmigoError.h; path = include/AmigoCloud/core/AmigoError.h; sourceTree = "<group>"; };
		30CF71EA1BF5710F00C7DB1D /* Database.h */ = {isa = PBXFileReference; fileEncoding = 4; lastKnownFileType = sourcecode.c.h; name = Database.h; path = include/AmigoCloud/core/Database.h; sourceTree = "<group>"; };
		30CF71EB1BF5710F00C7DB1D /* GeometryHandler.h */ = {isa = PBXFileReference; fileEncoding = 4; lastKnownFileType = sourcecode.c.h; name = GeometryHandler.h; path = include/AmigoCloud/core/GeometryHandler.h; sourceTree = "<group>"; };
		30CF71EC1BF5710F00C7DB1D /* Logger.h */ = {isa = PBXFileReference; fileEncoding = 4; lastKnownFileType = sourcecode.c.h; name = Logger.h; path = include/AmigoCloud/core/Logger.h; sourceTree = "<group>"; };
		30CF71ED1BF5710F00C7DB1D /* Mutex.h */ = {isa = PBXFileReference; fileEncoding = 4; lastKnownFileType = sourcecode.c.h; name = Mutex.h; path = include/AmigoCloud/core/Mutex.h; sourceTree = "<group>"; };
		30CF71EE1BF5710F00C7DB1D /* RestClient.h */ = {isa = PBXFileReference; fileEncoding = 4; lastKnownFileType = sourcecode.c.h; name = RestClient.h; path = include/AmigoCloud/core/RestClient.h; sourceTree = "<group>"; };
		30CF71EF1BF5710F00C7DB1D /* SystemConfig.h */ = {isa = PBXFileReference; fileEncoding = 4; lastKnownFileType = sourcecode.c.h; name = SystemConfig.h; path = include/AmigoCloud/core/SystemConfig.h; sourceTree = "<group>"; };
		30CF71F01BF5710F00C7DB1D /* Thread.h */ = {isa = PBXFileReference; fileEncoding = 4; lastKnownFileType = sourcecode.c.h; name = Thread.h; path = include/AmigoCloud/core/Thread.h; sourceTree = "<group>"; };
		30CF71F11BF5710F00C7DB1D /* Timestamp.h */ = {isa = PBXFileReference; fileEncoding = 4; lastKnownFileType = sourcecode.c.h; name = Timestamp.h; path = include/AmigoCloud/core/Timestamp.h; sourceTree = "<group>"; };
		30CF71F21BF5710F00C7DB1D /* VectorTypes.h */ = {isa = PBXFileReference; fileEncoding = 4; lastKnownFileType = sourcecode.c.h; name = VectorTypes.h; path = include/AmigoCloud/core/VectorTypes.h; sourceTree = "<group>"; };
/* End PBXFileReference section */

/* Begin PBXFrameworksBuildPhase section */
		01BF3D971BBDF40D000520AE /* Frameworks */ = {
			isa = PBXFrameworksBuildPhase;
			buildActionMask = 2147483647;
			files = (
				30B766E41BF551D90088836B /* libfreexl.1.dylib in Frameworks */,
				30B766E51BF551D90088836B /* libgeos_c.1.dylib in Frameworks */,
				30B766E61BF551D90088836B /* libgeos-3.4.2.dylib in Frameworks */,
				30B766E71BF551D90088836B /* libproj.9.dylib in Frameworks */,
				30B766E81BF551D90088836B /* libspatialite.7.dylib in Frameworks */,
				30B766E91BF551D90088836B /* libsqlite3.0.dylib in Frameworks */,
				30B766EA1BF551D90088836B /* libxml2.2.dylib in Frameworks */,
				01AD32411BE97F6200396DDD /* libcurl.tbd in Frameworks */,
			);
			runOnlyForDeploymentPostprocessing = 0;
		};
/* End PBXFrameworksBuildPhase section */

/* Begin PBXGroup section */
		01BF3D911BBDF40D000520AE = {
			isa = PBXGroup;
			children = (
				30B766DA1BF551740088836B /* include */,
				30B766EE1BF555CB0088836B /* lib */,
				30B766D91BF5516F0088836B /* src */,
				30B766D81BF551670088836B /* test */,
				30B767481BF563550088836B /* OSMSpatialite */,
			);
			sourceTree = "<group>";
		};
		309720421BF657C200FB98A7 /* common */ = {
			isa = PBXGroup;
			children = (
				309720501BF657EA00FB98A7 /* WKBParser.cpp */,
			);
			name = common;
			sourceTree = "<group>";
		};
		309720431BF657C900FB98A7 /* core */ = {
			isa = PBXGroup;
			children = (
				309720441BF657DA00FB98A7 /* Database.cpp */,
				309720451BF657DA00FB98A7 /* GeometryHandler.cpp */,
				309720461BF657DA00FB98A7 /* Logger.cpp */,
				309720471BF657DA00FB98A7 /* RestClient.cpp */,
				309720481BF657DA00FB98A7 /* SystemConfig.cpp */,
				309720491BF657DA00FB98A7 /* Thread.cpp */,
			);
			name = core;
			sourceTree = "<group>";
		};
		30B766D81BF551670088836B /* test */ = {
			isa = PBXGroup;
			children = (
				309720521BF678C400FB98A7 /* main.cpp */,
				30B767471BF560450088836B /* catch.hpp */,
				309720541BF682B300FB98A7 /* basic_test.cpp */,
				309720561BF910D200FB98A7 /* Way_test.cpp */,
				309720581BF920E000FB98A7 /* EditingAPI_test.cpp */,
			);
			name = test;
			sourceTree = "<group>";
		};
		30B766D91BF5516F0088836B /* src */ = {
			isa = PBXGroup;
			children = (
				30B767201BF55CF60088836B /* OSMSpatialite */,
				30B7671F1BF55CEF0088836B /* AmigoCloud */,
			);
			name = src;
			sourceTree = "<group>";
		};
		30B766DA1BF551740088836B /* include */ = {
			isa = PBXGroup;
			children = (
				30B766EF1BF5562C0088836B /* AmigoCloud */,
				30B766F11BF5563B0088836B /* Chaskii */,
				30B766F01BF556330088836B /* OSMSpatialite */,
			);
			name = include;
			sourceTree = "<group>";
		};
		30B766EE1BF555CB0088836B /* lib */ = {
			isa = PBXGroup;
			children = (
				01AD32401BE97F6200396DDD /* libcurl.tbd */,
				30B766DB1BF551D90088836B /* libfreexl.1.dylib */,
				30B766DC1BF551D90088836B /* libgeos_c.1.dylib */,
				30B766DD1BF551D90088836B /* libgeos-3.4.2.dylib */,
				30B766DE1BF551D90088836B /* libproj.9.dylib */,
				30B766DF1BF551D90088836B /* libspatialite.7.dylib */,
				30B766E01BF551D90088836B /* libsqlite3.0.dylib */,
				30B766E11BF551D90088836B /* libxml2.2.dylib */,
			);
			name = lib;
			sourceTree = "<group>";
		};
		30B766EF1BF5562C0088836B /* AmigoCloud */ = {
			isa = PBXGroup;
			children = (
				30CF71E71BF570EE00C7DB1D /* common */,
				30CF71E61BF570E600C7DB1D /* core */,
			);
			name = AmigoCloud;
			sourceTree = "<group>";
		};
		30B766F01BF556330088836B /* OSMSpatialite */ = {
			isa = PBXGroup;
			children = (
				30B767151BF558300088836B /* DatabaseBuilder.hpp */,
				30B767161BF558300088836B /* EditingAPI.hpp */,
				30B767171BF558300088836B /* Element.hpp */,
				30B767181BF558300088836B /* Node.hpp */,
				30B767191BF558300088836B /* OverpassAPI.hpp */,
				30B7671A1BF558300088836B /* Relation.hpp */,
				30B7671B1BF558300088836B /* RestAPI.hpp */,
				30B7671C1BF558300088836B /* Util.hpp */,
				30B7671D1BF558300088836B /* Way.hpp */,
				30B7671E1BF558300088836B /* XmlParser.hpp */,
			);
			name = OSMSpatialite;
			sourceTree = "<group>";
		};
		30B766F11BF5563B0088836B /* Chaskii */ = {
			isa = PBXGroup;
			children = (
				30B766FF1BF557700088836B /* Chaskii.h */,
				30B767001BF557700088836B /* Export.h */,
				30B766FE1BF557580088836B /* Math */,
			);
			name = Chaskii;
			sourceTree = "<group>";
		};
		30B766FE1BF557580088836B /* Math */ = {
			isa = PBXGroup;
			children = (
				30B767011BF557840088836B /* bound.h */,
				30B767021BF557840088836B /* boundD.h */,
				30B767031BF557840088836B /* iiMath.h */,
				30B767041BF557840088836B /* matrix.h */,
				30B767051BF557840088836B /* matrix3.h */,
				30B767061BF557840088836B /* matrix4.h */,
				30B767071BF557840088836B /* matrix4d.h */,
				30B767081BF557840088836B /* matrixDecompose.h */,
				30B767091BF557840088836B /* matrixDecomposeD.h */,
				30B7670A1BF557840088836B /* plane.h */,
				30B7670B1BF557840088836B /* planed.h */,
				30B7670C1BF557840088836B /* pos.h */,
				30B7670D1BF557840088836B /* quat.h */,
				30B7670E1BF557840088836B /* quatd.h */,
				30B7670F1BF557840088836B /* rect.h */,
				30B767101BF557840088836B /* vec2.h */,
				30B767111BF557840088836B /* vec3.h */,
				30B767121BF557840088836B /* vec3d.h */,
				30B767131BF557840088836B /* vec4.h */,
				30B767141BF557840088836B /* vec4d.h */,
			);
			name = Math;
			sourceTree = "<group>";
		};
		30B7671F1BF55CEF0088836B /* AmigoCloud */ = {
			isa = PBXGroup;
			children = (
				309720431BF657C900FB98A7 /* core */,
				309720421BF657C200FB98A7 /* common */,
			);
			name = AmigoCloud;
			sourceTree = "<group>";
		};
		30B767201BF55CF60088836B /* OSMSpatialite */ = {
			isa = PBXGroup;
			children = (
				30B767211BF55D190088836B /* DatabaseBuilder.cpp */,
				30B767221BF55D190088836B /* EditingAPI.cpp */,
				30B767231BF55D190088836B /* Element.cpp */,
				30B767251BF55D190088836B /* Node.cpp */,
				30B767261BF55D190088836B /* OverpassAPI.cpp */,
				30B767271BF55D190088836B /* Relation.cpp */,
				30B767281BF55D190088836B /* RestAPI.cpp */,
				30B767291BF55D190088836B /* Util.cpp */,
				30B7672A1BF55D190088836B /* Way.cpp */,
				30B7672B1BF55D190088836B /* XmlParser.cpp */,
			);
			name = OSMSpatialite;
			sourceTree = "<group>";
		};
		30CF71E61BF570E600C7DB1D /* core */ = {
			isa = PBXGroup;
			children = (
				30CF71E91BF5710F00C7DB1D /* AmigoError.h */,
				30CF71EA1BF5710F00C7DB1D /* Database.h */,
				30CF71EB1BF5710F00C7DB1D /* GeometryHandler.h */,
				30CF71EC1BF5710F00C7DB1D /* Logger.h */,
				30CF71ED1BF5710F00C7DB1D /* Mutex.h */,
				30CF71EE1BF5710F00C7DB1D /* RestClient.h */,
				30CF71EF1BF5710F00C7DB1D /* SystemConfig.h */,
				30CF71F01BF5710F00C7DB1D /* Thread.h */,
				30CF71F11BF5710F00C7DB1D /* Timestamp.h */,
				30CF71F21BF5710F00C7DB1D /* VectorTypes.h */,
			);
			name = core;
			sourceTree = "<group>";
		};
		30CF71E71BF570EE00C7DB1D /* common */ = {
			isa = PBXGroup;
			children = (
				30CF71E81BF570FD00C7DB1D /* WKBParser.h */,
			);
			name = common;
			sourceTree = "<group>";
		};
/* End PBXGroup section */

/* Begin PBXNativeTarget section */
		01BF3D991BBDF40D000520AE /* OSMSpatialite */ = {
			isa = PBXNativeTarget;
			buildConfigurationList = 01BF3DA11BBDF40D000520AE /* Build configuration list for PBXNativeTarget "OSMSpatialite" */;
			buildPhases = (
				01BF3D961BBDF40D000520AE /* Sources */,
				01BF3D971BBDF40D000520AE /* Frameworks */,
				01BF3D981BBDF40D000520AE /* CopyFiles */,
			);
			buildRules = (
			);
			dependencies = (
			);
			name = OSMSpatialite;
			productName = OSMSpatialite;
			productReference = 30B767481BF563550088836B /* OSMSpatialite */;
			productType = "com.apple.product-type.tool";
		};
/* End PBXNativeTarget section */

/* Begin PBXProject section */
		01BF3D921BBDF40D000520AE /* Project object */ = {
			isa = PBXProject;
			attributes = {
				LastUpgradeCheck = 0700;
				ORGANIZATIONNAME = theoutpost;
				TargetAttributes = {
					01BF3D991BBDF40D000520AE = {
						CreatedOnToolsVersion = 6.4;
					};
				};
			};
			buildConfigurationList = 01BF3D951BBDF40D000520AE /* Build configuration list for PBXProject "OSMSpatialite" */;
			compatibilityVersion = "Xcode 3.2";
			developmentRegion = English;
			hasScannedForEncodings = 0;
			knownRegions = (
				en,
			);
			mainGroup = 01BF3D911BBDF40D000520AE;
			productRefGroup = 01BF3D911BBDF40D000520AE;
			projectDirPath = "";
			projectRoot = "";
			targets = (
				01BF3D991BBDF40D000520AE /* OSMSpatialite */,
			);
		};
/* End PBXProject section */

/* Begin PBXSourcesBuildPhase section */
		01BF3D961BBDF40D000520AE /* Sources */ = {
			isa = PBXSourcesBuildPhase;
			buildActionMask = 2147483647;
			files = (
				30B767341BF55D190088836B /* Util.cpp in Sources */,
				3097204C1BF657DA00FB98A7 /* Logger.cpp in Sources */,
				30B767361BF55D190088836B /* XmlParser.cpp in Sources */,
				30B7672E1BF55D190088836B /* Element.cpp in Sources */,
				30B767321BF55D190088836B /* Relation.cpp in Sources */,
				3097204D1BF657DA00FB98A7 /* RestClient.cpp in Sources */,
				30B7672C1BF55D190088836B /* DatabaseBuilder.cpp in Sources */,
				309720511BF657EA00FB98A7 /* WKBParser.cpp in Sources */,
				3097204F1BF657DA00FB98A7 /* Thread.cpp in Sources */,
				309720571BF910D200FB98A7 /* Way_test.cpp in Sources */,
				30B767331BF55D190088836B /* RestAPI.cpp in Sources */,
				30B7672D1BF55D190088836B /* EditingAPI.cpp in Sources */,
				3097204B1BF657DA00FB98A7 /* GeometryHandler.cpp in Sources */,
				30B767351BF55D190088836B /* Way.cpp in Sources */,
				3097204E1BF657DA00FB98A7 /* SystemConfig.cpp in Sources */,
				30B767301BF55D190088836B /* Node.cpp in Sources */,
				3097204A1BF657DA00FB98A7 /* Database.cpp in Sources */,
				30B767311BF55D190088836B /* OverpassAPI.cpp in Sources */,
				309720591BF920E000FB98A7 /* EditingAPI_test.cpp in Sources */,
				309720531BF678C400FB98A7 /* main.cpp in Sources */,
				309720551BF682B300FB98A7 /* basic_test.cpp in Sources */,
			);
			runOnlyForDeploymentPostprocessing = 0;
		};
/* End PBXSourcesBuildPhase section */

/* Begin XCBuildConfiguration section */
		01BF3D9F1BBDF40D000520AE /* Debug */ = {
			isa = XCBuildConfiguration;
			buildSettings = {
				ALWAYS_SEARCH_USER_PATHS = NO;
				CLANG_CXX_LANGUAGE_STANDARD = "gnu++0x";
				CLANG_CXX_LIBRARY = "libc++";
				CLANG_ENABLE_MODULES = YES;
				CLANG_ENABLE_OBJC_ARC = YES;
				CLANG_WARN_BOOL_CONVERSION = YES;
				CLANG_WARN_CONSTANT_CONVERSION = YES;
				CLANG_WARN_DIRECT_OBJC_ISA_USAGE = YES_ERROR;
				CLANG_WARN_EMPTY_BODY = YES;
				CLANG_WARN_ENUM_CONVERSION = YES;
				CLANG_WARN_INT_CONVERSION = YES;
				CLANG_WARN_OBJC_ROOT_CLASS = YES_ERROR;
				CLANG_WARN_UNREACHABLE_CODE = YES;
				CLANG_WARN__DUPLICATE_METHOD_MATCH = YES;
				COPY_PHASE_STRIP = NO;
				DEBUG_INFORMATION_FORMAT = dwarf;
				ENABLE_STRICT_OBJC_MSGSEND = YES;
				ENABLE_TESTABILITY = YES;
				GCC_C_LANGUAGE_STANDARD = gnu99;
				GCC_DYNAMIC_NO_PIC = NO;
				GCC_NO_COMMON_BLOCKS = YES;
				GCC_OPTIMIZATION_LEVEL = 0;
				GCC_PREPROCESSOR_DEFINITIONS = (
					"DEBUG=1",
					"$(inherited)",
				);
				GCC_SYMBOLS_PRIVATE_EXTERN = NO;
				GCC_WARN_64_TO_32_BIT_CONVERSION = YES;
				GCC_WARN_ABOUT_RETURN_TYPE = YES_ERROR;
				GCC_WARN_UNDECLARED_SELECTOR = YES;
				GCC_WARN_UNINITIALIZED_AUTOS = YES_AGGRESSIVE;
				GCC_WARN_UNUSED_FUNCTION = YES;
				GCC_WARN_UNUSED_VARIABLE = YES;
				MACOSX_DEPLOYMENT_TARGET = 10.10;
				MTL_ENABLE_DEBUG_INFO = YES;
				ONLY_ACTIVE_ARCH = YES;
				SDKROOT = macosx;
			};
			name = Debug;
		};
		01BF3DA01BBDF40D000520AE /* Release */ = {
			isa = XCBuildConfiguration;
			buildSettings = {
				ALWAYS_SEARCH_USER_PATHS = NO;
				CLANG_CXX_LANGUAGE_STANDARD = "gnu++0x";
				CLANG_CXX_LIBRARY = "libc++";
				CLANG_ENABLE_MODULES = YES;
				CLANG_ENABLE_OBJC_ARC = YES;
				CLANG_WARN_BOOL_CONVERSION = YES;
				CLANG_WARN_CONSTANT_CONVERSION = YES;
				CLANG_WARN_DIRECT_OBJC_ISA_USAGE = YES_ERROR;
				CLANG_WARN_EMPTY_BODY = YES;
				CLANG_WARN_ENUM_CONVERSION = YES;
				CLANG_WARN_INT_CONVERSION = YES;
				CLANG_WARN_OBJC_ROOT_CLASS = YES_ERROR;
				CLANG_WARN_UNREACHABLE_CODE = YES;
				CLANG_WARN__DUPLICATE_METHOD_MATCH = YES;
				COPY_PHASE_STRIP = NO;
				DEBUG_INFORMATION_FORMAT = "dwarf-with-dsym";
				ENABLE_NS_ASSERTIONS = NO;
				ENABLE_STRICT_OBJC_MSGSEND = YES;
				GCC_C_LANGUAGE_STANDARD = gnu99;
				GCC_NO_COMMON_BLOCKS = YES;
				GCC_WARN_64_TO_32_BIT_CONVERSION = YES;
				GCC_WARN_ABOUT_RETURN_TYPE = YES_ERROR;
				GCC_WARN_UNDECLARED_SELECTOR = YES;
				GCC_WARN_UNINITIALIZED_AUTOS = YES_AGGRESSIVE;
				GCC_WARN_UNUSED_FUNCTION = YES;
				GCC_WARN_UNUSED_VARIABLE = YES;
				MACOSX_DEPLOYMENT_TARGET = 10.10;
				MTL_ENABLE_DEBUG_INFO = NO;
				SDKROOT = macosx;
			};
			name = Release;
		};
		01BF3DA21BBDF40D000520AE /* Debug */ = {
			isa = XCBuildConfiguration;
			buildSettings = {
				HEADER_SEARCH_PATHS = (
					"$(inherited)",
					/Applications/Xcode.app/Contents/Developer/Toolchains/XcodeDefault.xctoolchain/usr/include,
					"$(PROJECT_DIR)/lib/include",
					"$(PROJECT_DIR)/include",
					"$(PROJECT_DIR)/include/AmigoCloud",
				);
				LIBRARY_SEARCH_PATHS = (
					"$(inherited)",
					"$(PROJECT_DIR)/lib/osx",
				);
				PRODUCT_NAME = "$(TARGET_NAME)";
			};
			name = Debug;
		};
		01BF3DA31BBDF40D000520AE /* Release */ = {
			isa = XCBuildConfiguration;
			buildSettings = {
				HEADER_SEARCH_PATHS = (
					"$(inherited)",
					/Applications/Xcode.app/Contents/Developer/Toolchains/XcodeDefault.xctoolchain/usr/include,
					"$(PROJECT_DIR)/lib/include",
					"$(PROJECT_DIR)/include",
					"$(PROJECT_DIR)/include/AmigoCloud",
				);
				LIBRARY_SEARCH_PATHS = (
					"$(inherited)",
					"$(PROJECT_DIR)/lib/osx",
				);
				PRODUCT_NAME = "$(TARGET_NAME)";
			};
			name = Release;
		};
/* End XCBuildConfiguration section */

/* Begin XCConfigurationList section */
		01BF3D951BBDF40D000520AE /* Build configuration list for PBXProject "OSMSpatialite" */ = {
			isa = XCConfigurationList;
			buildConfigurations = (
				01BF3D9F1BBDF40D000520AE /* Debug */,
				01BF3DA01BBDF40D000520AE /* Release */,
			);
			defaultConfigurationIsVisible = 0;
			defaultConfigurationName = Release;
		};
		01BF3DA11BBDF40D000520AE /* Build configuration list for PBXNativeTarget "OSMSpatialite" */ = {
			isa = XCConfigurationList;
			buildConfigurations = (
				01BF3DA21BBDF40D000520AE /* Debug */,
				01BF3DA31BBDF40D000520AE /* Release */,
			);
			defaultConfigurationIsVisible = 0;
			defaultConfigurationName = Release;
		};
/* End XCConfigurationList section */
	};
	rootObject = 01BF3D921BBDF40D000520AE /* Project object */;
}
